// !$*UTF8*$!
{
	archiveVersion = 1;
	classes = {
	};
	objectVersion = 50;
	objects = {

/* Begin PBXBuildFile section */
		AE12570522F941D200BBEAFA /* AppDelegate.swift in Sources */ = {isa = PBXBuildFile; fileRef = AE12570422F941D200BBEAFA /* AppDelegate.swift */; };
		AE12570A22F941D200BBEAFA /* Main.storyboard in Resources */ = {isa = PBXBuildFile; fileRef = AE12570822F941D200BBEAFA /* Main.storyboard */; };
		AE12570D22F941D200BBEAFA /* Project.xcdatamodeld in Sources */ = {isa = PBXBuildFile; fileRef = AE12570B22F941D200BBEAFA /* Project.xcdatamodeld */; };
		AE12570F22F941D400BBEAFA /* Assets.xcassets in Resources */ = {isa = PBXBuildFile; fileRef = AE12570E22F941D400BBEAFA /* Assets.xcassets */; };
		AE12571222F941D400BBEAFA /* LaunchScreen.storyboard in Resources */ = {isa = PBXBuildFile; fileRef = AE12571022F941D400BBEAFA /* LaunchScreen.storyboard */; };
		AE12571A22FAA99C00BBEAFA /* HomeCollectionViewController.swift in Sources */ = {isa = PBXBuildFile; fileRef = AE12571922FAA99C00BBEAFA /* HomeCollectionViewController.swift */; };
		AE12571C22FAA9CC00BBEAFA /* HistoryViewController.swift in Sources */ = {isa = PBXBuildFile; fileRef = AE12571B22FAA9CC00BBEAFA /* HistoryViewController.swift */; };
		AE12571E22FAA9E200BBEAFA /* SearchViewController.swift in Sources */ = {isa = PBXBuildFile; fileRef = AE12571D22FAA9E200BBEAFA /* SearchViewController.swift */; };
		AE12572022FAAA8100BBEAFA /* CollectionViewCell.swift in Sources */ = {isa = PBXBuildFile; fileRef = AE12571F22FAAA8100BBEAFA /* CollectionViewCell.swift */; };
		AE12572222FAB5B500BBEAFA /* HistoryCell.swift in Sources */ = {isa = PBXBuildFile; fileRef = AE12572122FAB5B500BBEAFA /* HistoryCell.swift */; };
		AE12572422FAB5CC00BBEAFA /* SearchCell.swift in Sources */ = {isa = PBXBuildFile; fileRef = AE12572322FAB5CC00BBEAFA /* SearchCell.swift */; };
		AEC99304230523EC003C0E5B /* FavoritesDAO.swift in Sources */ = {isa = PBXBuildFile; fileRef = AEC99303230523EC003C0E5B /* FavoritesDAO.swift */; };
		AEC993062305257B003C0E5B /* FavoritesData.swift in Sources */ = {isa = PBXBuildFile; fileRef = AEC993052305257B003C0E5B /* FavoritesData.swift */; };
		AEC993082305450C003C0E5B /* DetailViewController.swift in Sources */ = {isa = PBXBuildFile; fileRef = AEC993072305450C003C0E5B /* DetailViewController.swift */; };
/* End PBXBuildFile section */

/* Begin PBXFileReference section */
		AE12570122F941D200BBEAFA /* Project.app */ = {isa = PBXFileReference; explicitFileType = wrapper.application; includeInIndex = 0; path = Project.app; sourceTree = BUILT_PRODUCTS_DIR; };
		AE12570422F941D200BBEAFA /* AppDelegate.swift */ = {isa = PBXFileReference; lastKnownFileType = sourcecode.swift; path = AppDelegate.swift; sourceTree = "<group>"; };
		AE12570922F941D200BBEAFA /* Base */ = {isa = PBXFileReference; lastKnownFileType = file.storyboard; name = Base; path = Base.lproj/Main.storyboard; sourceTree = "<group>"; };
		AE12570C22F941D200BBEAFA /* Project.xcdatamodel */ = {isa = PBXFileReference; lastKnownFileType = wrapper.xcdatamodel; path = Project.xcdatamodel; sourceTree = "<group>"; };
		AE12570E22F941D400BBEAFA /* Assets.xcassets */ = {isa = PBXFileReference; lastKnownFileType = folder.assetcatalog; path = Assets.xcassets; sourceTree = "<group>"; };
		AE12571122F941D400BBEAFA /* Base */ = {isa = PBXFileReference; lastKnownFileType = file.storyboard; name = Base; path = Base.lproj/LaunchScreen.storyboard; sourceTree = "<group>"; };
		AE12571322F941D400BBEAFA /* Info.plist */ = {isa = PBXFileReference; lastKnownFileType = text.plist.xml; path = Info.plist; sourceTree = "<group>"; };
		AE12571922FAA99C00BBEAFA /* HomeCollectionViewController.swift */ = {isa = PBXFileReference; lastKnownFileType = sourcecode.swift; path = HomeCollectionViewController.swift; sourceTree = "<group>"; };
		AE12571B22FAA9CC00BBEAFA /* HistoryViewController.swift */ = {isa = PBXFileReference; lastKnownFileType = sourcecode.swift; path = HistoryViewController.swift; sourceTree = "<group>"; };
		AE12571D22FAA9E200BBEAFA /* SearchViewController.swift */ = {isa = PBXFileReference; lastKnownFileType = sourcecode.swift; path = SearchViewController.swift; sourceTree = "<group>"; };
		AE12571F22FAAA8100BBEAFA /* CollectionViewCell.swift */ = {isa = PBXFileReference; lastKnownFileType = sourcecode.swift; path = CollectionViewCell.swift; sourceTree = "<group>"; };
		AE12572122FAB5B500BBEAFA /* HistoryCell.swift */ = {isa = PBXFileReference; lastKnownFileType = sourcecode.swift; path = HistoryCell.swift; sourceTree = "<group>"; };
		AE12572322FAB5CC00BBEAFA /* SearchCell.swift */ = {isa = PBXFileReference; lastKnownFileType = sourcecode.swift; path = SearchCell.swift; sourceTree = "<group>"; };
		AEC99303230523EC003C0E5B /* FavoritesDAO.swift */ = {isa = PBXFileReference; lastKnownFileType = sourcecode.swift; path = FavoritesDAO.swift; sourceTree = "<group>"; };
		AEC993052305257B003C0E5B /* FavoritesData.swift */ = {isa = PBXFileReference; lastKnownFileType = sourcecode.swift; path = FavoritesData.swift; sourceTree = "<group>"; };
		AEC993072305450C003C0E5B /* DetailViewController.swift */ = {isa = PBXFileReference; lastKnownFileType = sourcecode.swift; path = DetailViewController.swift; sourceTree = "<group>"; };
/* End PBXFileReference section */

/* Begin PBXFrameworksBuildPhase section */
		AE1256FE22F941D200BBEAFA /* Frameworks */ = {
			isa = PBXFrameworksBuildPhase;
			buildActionMask = 2147483647;
			files = (
			);
			runOnlyForDeploymentPostprocessing = 0;
		};
/* End PBXFrameworksBuildPhase section */

/* Begin PBXGroup section */
		AE1256F822F941D100BBEAFA = {
			isa = PBXGroup;
			children = (
				AE12570322F941D200BBEAFA /* Project */,
				AE12570222F941D200BBEAFA /* Products */,
			);
			sourceTree = "<group>";
		};
		AE12570222F941D200BBEAFA /* Products */ = {
			isa = PBXGroup;
			children = (
				AE12570122F941D200BBEAFA /* Project.app */,
			);
			name = Products;
			sourceTree = "<group>";
		};
		AE12570322F941D200BBEAFA /* Project */ = {
			isa = PBXGroup;
			children = (
				AE12570422F941D200BBEAFA /* AppDelegate.swift */,
				AE12570822F941D200BBEAFA /* Main.storyboard */,
				AEC993072305450C003C0E5B /* DetailViewController.swift */,
				AEC99303230523EC003C0E5B /* FavoritesDAO.swift */,
				AE12572122FAB5B500BBEAFA /* HistoryCell.swift */,
				AE12572322FAB5CC00BBEAFA /* SearchCell.swift */,
				AEC993052305257B003C0E5B /* FavoritesData.swift */,
				AE12571F22FAAA8100BBEAFA /* CollectionViewCell.swift */,
				AE12571B22FAA9CC00BBEAFA /* HistoryViewController.swift */,
				AE12571D22FAA9E200BBEAFA /* SearchViewController.swift */,
				AE12571922FAA99C00BBEAFA /* HomeCollectionViewController.swift */,
				AE12570E22F941D400BBEAFA /* Assets.xcassets */,
				AE12571022F941D400BBEAFA /* LaunchScreen.storyboard */,
				AE12571322F941D400BBEAFA /* Info.plist */,
				AE12570B22F941D200BBEAFA /* Project.xcdatamodeld */,
			);
			path = Project;
			sourceTree = "<group>";
		};
/* End PBXGroup section */

/* Begin PBXNativeTarget section */
		AE12570022F941D200BBEAFA /* Project */ = {
			isa = PBXNativeTarget;
			buildConfigurationList = AE12571622F941D400BBEAFA /* Build configuration list for PBXNativeTarget "Project" */;
			buildPhases = (
				AE1256FD22F941D200BBEAFA /* Sources */,
				AE1256FE22F941D200BBEAFA /* Frameworks */,
				AE1256FF22F941D200BBEAFA /* Resources */,
			);
			buildRules = (
			);
			dependencies = (
			);
			name = Project;
			productName = Project;
			productReference = AE12570122F941D200BBEAFA /* Project.app */;
			productType = "com.apple.product-type.application";
		};
/* End PBXNativeTarget section */

/* Begin PBXProject section */
		AE1256F922F941D100BBEAFA /* Project object */ = {
			isa = PBXProject;
			attributes = {
				LastSwiftUpdateCheck = 1030;
				LastUpgradeCheck = 1030;
				ORGANIZATIONNAME = "신지호";
				TargetAttributes = {
					AE12570022F941D200BBEAFA = {
						CreatedOnToolsVersion = 10.3;
					};
				};
			};
			buildConfigurationList = AE1256FC22F941D100BBEAFA /* Build configuration list for PBXProject "Project" */;
			compatibilityVersion = "Xcode 9.3";
			developmentRegion = en;
			hasScannedForEncodings = 0;
			knownRegions = (
				en,
				Base,
			);
			mainGroup = AE1256F822F941D100BBEAFA;
			productRefGroup = AE12570222F941D200BBEAFA /* Products */;
			projectDirPath = "";
			projectRoot = "";
			targets = (
				AE12570022F941D200BBEAFA /* Project */,
			);
		};
/* End PBXProject section */

/* Begin PBXResourcesBuildPhase section */
		AE1256FF22F941D200BBEAFA /* Resources */ = {
			isa = PBXResourcesBuildPhase;
			buildActionMask = 2147483647;
			files = (
				AE12571222F941D400BBEAFA /* LaunchScreen.storyboard in Resources */,
				AE12570F22F941D400BBEAFA /* Assets.xcassets in Resources */,
				AE12570A22F941D200BBEAFA /* Main.storyboard in Resources */,
			);
			runOnlyForDeploymentPostprocessing = 0;
		};
/* End PBXResourcesBuildPhase section */

/* Begin PBXSourcesBuildPhase section */
		AE1256FD22F941D200BBEAFA /* Sources */ = {
			isa = PBXSourcesBuildPhase;
			buildActionMask = 2147483647;
			files = (
				AEC993082305450C003C0E5B /* DetailViewController.swift in Sources */,
				AE12571E22FAA9E200BBEAFA /* SearchViewController.swift in Sources */,
				AEC99304230523EC003C0E5B /* FavoritesDAO.swift in Sources */,
				AE12572422FAB5CC00BBEAFA /* SearchCell.swift in Sources */,
				AE12572222FAB5B500BBEAFA /* HistoryCell.swift in Sources */,
				AE12571A22FAA99C00BBEAFA /* HomeCollectionViewController.swift in Sources */,
				AEC993062305257B003C0E5B /* FavoritesData.swift in Sources */,
				AE12572022FAAA8100BBEAFA /* CollectionViewCell.swift in Sources */,
				AE12570D22F941D200BBEAFA /* Project.xcdatamodeld in Sources */,
				AE12570522F941D200BBEAFA /* AppDelegate.swift in Sources */,
				AE12571C22FAA9CC00BBEAFA /* HistoryViewController.swift in Sources */,
			);
			runOnlyForDeploymentPostprocessing = 0;
		};
/* End PBXSourcesBuildPhase section */

/* Begin PBXVariantGroup section */
		AE12570822F941D200BBEAFA /* Main.storyboard */ = {
			isa = PBXVariantGroup;
			children = (
				AE12570922F941D200BBEAFA /* Base */,
			);
			name = Main.storyboard;
			sourceTree = "<group>";
		};
		AE12571022F941D400BBEAFA /* LaunchScreen.storyboard */ = {
			isa = PBXVariantGroup;
			children = (
				AE12571122F941D400BBEAFA /* Base */,
			);
			name = LaunchScreen.storyboard;
			sourceTree = "<group>";
		};
/* End PBXVariantGroup section */

/* Begin XCBuildConfiguration section */
		AE12571422F941D400BBEAFA /* Debug */ = {
			isa = XCBuildConfiguration;
			buildSettings = {
				ALWAYS_SEARCH_USER_PATHS = NO;
				CLANG_ANALYZER_NONNULL = YES;
				CLANG_ANALYZER_NUMBER_OBJECT_CONVERSION = YES_AGGRESSIVE;
				CLANG_CXX_LANGUAGE_STANDARD = "gnu++14";
				CLANG_CXX_LIBRARY = "libc++";
				CLANG_ENABLE_MODULES = YES;
				CLANG_ENABLE_OBJC_ARC = YES;
				CLANG_ENABLE_OBJC_WEAK = YES;
				CLANG_WARN_BLOCK_CAPTURE_AUTORELEASING = YES;
				CLANG_WARN_BOOL_CONVERSION = YES;
				CLANG_WARN_COMMA = YES;
				CLANG_WARN_CONSTANT_CONVERSION = YES;
				CLANG_WARN_DEPRECATED_OBJC_IMPLEMENTATIONS = YES;
				CLANG_WARN_DIRECT_OBJC_ISA_USAGE = YES_ERROR;
				CLANG_WARN_DOCUMENTATION_COMMENTS = YES;
				CLANG_WARN_EMPTY_BODY = YES;
				CLANG_WARN_ENUM_CONVERSION = YES;
				CLANG_WARN_INFINITE_RECURSION = YES;
				CLANG_WARN_INT_CONVERSION = YES;
				CLANG_WARN_NON_LITERAL_NULL_CONVERSION = YES;
				CLANG_WARN_OBJC_IMPLICIT_RETAIN_SELF = YES;
				CLANG_WARN_OBJC_LITERAL_CONVERSION = YES;
				CLANG_WARN_OBJC_ROOT_CLASS = YES_ERROR;
				CLANG_WARN_RANGE_LOOP_ANALYSIS = YES;
				CLANG_WARN_STRICT_PROTOTYPES = YES;
				CLANG_WARN_SUSPICIOUS_MOVE = YES;
				CLANG_WARN_UNGUARDED_AVAILABILITY = YES_AGGRESSIVE;
				CLANG_WARN_UNREACHABLE_CODE = YES;
				CLANG_WARN__DUPLICATE_METHOD_MATCH = YES;
				CODE_SIGN_IDENTITY = "iPhone Developer";
				COPY_PHASE_STRIP = NO;
				DEBUG_INFORMATION_FORMAT = dwarf;
				ENABLE_STRICT_OBJC_MSGSEND = YES;
				ENABLE_TESTABILITY = YES;
				GCC_C_LANGUAGE_STANDARD = gnu11;
				GCC_DYNAMIC_NO_PIC = NO;
				GCC_NO_COMMON_BLOCKS = YES;
				GCC_OPTIMIZATION_LEVEL = 0;
				GCC_PREPROCESSOR_DEFINITIONS = (
					"DEBUG=1",
					"$(inherited)",
				);
				GCC_WARN_64_TO_32_BIT_CONVERSION = YES;
				GCC_WARN_ABOUT_RETURN_TYPE = YES_ERROR;
				GCC_WARN_UNDECLARED_SELECTOR = YES;
				GCC_WARN_UNINITIALIZED_AUTOS = YES_AGGRESSIVE;
				GCC_WARN_UNUSED_FUNCTION = YES;
				GCC_WARN_UNUSED_VARIABLE = YES;
				IPHONEOS_DEPLOYMENT_TARGET = 12.4;
				MTL_ENABLE_DEBUG_INFO = INCLUDE_SOURCE;
				MTL_FAST_MATH = YES;
				ONLY_ACTIVE_ARCH = YES;
				SDKROOT = iphoneos;
				SWIFT_ACTIVE_COMPILATION_CONDITIONS = DEBUG;
				SWIFT_OPTIMIZATION_LEVEL = "-Onone";
			};
			name = Debug;
		};
		AE12571522F941D400BBEAFA /* Release */ = {
			isa = XCBuildConfiguration;
			buildSettings = {
				ALWAYS_SEARCH_USER_PATHS = NO;
				CLANG_ANALYZER_NONNULL = YES;
				CLANG_ANALYZER_NUMBER_OBJECT_CONVERSION = YES_AGGRESSIVE;
				CLANG_CXX_LANGUAGE_STANDARD = "gnu++14";
				CLANG_CXX_LIBRARY = "libc++";
				CLANG_ENABLE_MODULES = YES;
				CLANG_ENABLE_OBJC_ARC = YES;
				CLANG_ENABLE_OBJC_WEAK = YES;
				CLANG_WARN_BLOCK_CAPTURE_AUTORELEASING = YES;
				CLANG_WARN_BOOL_CONVERSION = YES;
				CLANG_WARN_COMMA = YES;
				CLANG_WARN_CONSTANT_CONVERSION = YES;
				CLANG_WARN_DEPRECATED_OBJC_IMPLEMENTATIONS = YES;
				CLANG_WARN_DIRECT_OBJC_ISA_USAGE = YES_ERROR;
				CLANG_WARN_DOCUMENTATION_COMMENTS = YES;
				CLANG_WARN_EMPTY_BODY = YES;
				CLANG_WARN_ENUM_CONVERSION = YES;
				CLANG_WARN_INFINITE_RECURSION = YES;
				CLANG_WARN_INT_CONVERSION = YES;
				CLANG_WARN_NON_LITERAL_NULL_CONVERSION = YES;
				CLANG_WARN_OBJC_IMPLICIT_RETAIN_SELF = YES;
				CLANG_WARN_OBJC_LITERAL_CONVERSION = YES;
				CLANG_WARN_OBJC_ROOT_CLASS = YES_ERROR;
				CLANG_WARN_RANGE_LOOP_ANALYSIS = YES;
				CLANG_WARN_STRICT_PROTOTYPES = YES;
				CLANG_WARN_SUSPICIOUS_MOVE = YES;
				CLANG_WARN_UNGUARDED_AVAILABILITY = YES_AGGRESSIVE;
				CLANG_WARN_UNREACHABLE_CODE = YES;
				CLANG_WARN__DUPLICATE_METHOD_MATCH = YES;
				CODE_SIGN_IDENTITY = "iPhone Developer";
				COPY_PHASE_STRIP = NO;
				DEBUG_INFORMATION_FORMAT = "dwarf-with-dsym";
				ENABLE_NS_ASSERTIONS = NO;
				ENABLE_STRICT_OBJC_MSGSEND = YES;
				GCC_C_LANGUAGE_STANDARD = gnu11;
				GCC_NO_COMMON_BLOCKS = YES;
				GCC_WARN_64_TO_32_BIT_CONVERSION = YES;
				GCC_WARN_ABOUT_RETURN_TYPE = YES_ERROR;
				GCC_WARN_UNDECLARED_SELECTOR = YES;
				GCC_WARN_UNINITIALIZED_AUTOS = YES_AGGRESSIVE;
				GCC_WARN_UNUSED_FUNCTION = YES;
				GCC_WARN_UNUSED_VARIABLE = YES;
				IPHONEOS_DEPLOYMENT_TARGET = 12.4;
				MTL_ENABLE_DEBUG_INFO = NO;
				MTL_FAST_MATH = YES;
				SDKROOT = iphoneos;
				SWIFT_COMPILATION_MODE = wholemodule;
				SWIFT_OPTIMIZATION_LEVEL = "-O";
				VALIDATE_PRODUCT = YES;
			};
			name = Release;
		};
		AE12571722F941D400BBEAFA /* Debug */ = {
			isa = XCBuildConfiguration;
			buildSettings = {
				ASSETCATALOG_COMPILER_APPICON_NAME = AppIcon;
				CODE_SIGN_STYLE = Automatic;
				INFOPLIST_FILE = Project/Info.plist;
				LD_RUNPATH_SEARCH_PATHS = (
					"$(inherited)",
					"@executable_path/Frameworks",
				);
				PRODUCT_BUNDLE_IDENTIFIER = JIHO.Project;
				PRODUCT_NAME = "$(TARGET_NAME)";
				SWIFT_VERSION = 5.0;
				TARGETED_DEVICE_FAMILY = 1;
			};
			name = Debug;
		};
		AE12571822F941D400BBEAFA /* Release */ = {
			isa = XCBuildConfiguration;
			buildSettings = {
				ASSETCATALOG_COMPILER_APPICON_NAME = AppIcon;
				CODE_SIGN_STYLE = Automatic;
				INFOPLIST_FILE = Project/Info.plist;
				LD_RUNPATH_SEARCH_PATHS = (
					"$(inherited)",
					"@executable_path/Frameworks",
				);
				PRODUCT_BUNDLE_IDENTIFIER = JIHO.Project;
				PRODUCT_NAME = "$(TARGET_NAME)";
				SWIFT_VERSION = 5.0;
				TARGETED_DEVICE_FAMILY = 1;
			};
			name = Release;
		};
/* End XCBuildConfiguration section */

/* Begin XCConfigurationList section */
		AE1256FC22F941D100BBEAFA /* Build configuration list for PBXProject "Project" */ = {
			isa = XCConfigurationList;
			buildConfigurations = (
				AE12571422F941D400BBEAFA /* Debug */,
				AE12571522F941D400BBEAFA /* Release */,
			);
			defaultConfigurationIsVisible = 0;
			defaultConfigurationName = Release;
		};
		AE12571622F941D400BBEAFA /* Build configuration list for PBXNativeTarget "Project" */ = {
			isa = XCConfigurationList;
			buildConfigurations = (
				AE12571722F941D400BBEAFA /* Debug */,
				AE12571822F941D400BBEAFA /* Release */,
			);
			defaultConfigurationIsVisible = 0;
			defaultConfigurationName = Release;
		};
/* End XCConfigurationList section */

/* Begin XCVersionGroup section */
		AE12570B22F941D200BBEAFA /* Project.xcdatamodeld */ = {
			isa = XCVersionGroup;
			children = (
				AE12570C22F941D200BBEAFA /* Project.xcdatamodel */,
			);
			currentVersion = AE12570C22F941D200BBEAFA /* Project.xcdatamodel */;
			path = Project.xcdatamodeld;
			sourceTree = "<group>";
			versionGroupType = wrapper.xcdatamodel;
		};
/* End XCVersionGroup section */
	};
	rootObject = AE1256F922F941D100BBEAFA /* Project object */;
}
